
Microsoft Visual Studio Solution File, Format Version 12.00
# Visual Studio Version 17
VisualStudioVersion = 17.13.35919.96 d17.13
MinimumVisualStudioVersion = 10.0.40219.1
Project("{FAE04EC0-301F-11D3-BF4B-00C04F79EFBC}") = "Dotnet8WebAPI", "Dotnet8WebAPI\Dotnet8WebAPI.csproj", "{C0693373-4500-443F-9559-095FDF1EFF03}"
EndProject
Global
	GlobalSection(SolutionConfigurationPlatforms) = preSolution
		Debug|Any CPU = Debug|Any CPU
		Release|Any CPU = Release|Any CPU
	EndGlobalSection
	GlobalSection(ProjectConfigurationPlatforms) = postSolution
		{C0693373-4500-443F-9559-095FDF1EFF03}.Debug|Any CPU.ActiveCfg = Debug|Any CPU
		{C0693373-4500-443F-9559-095FDF1EFF03}.Debug|Any CPU.Build.0 = Debug|Any CPU
		{C0693373-4500-443F-9559-095FDF1EFF03}.Release|Any CPU.ActiveCfg = Release|Any CPU
		{C0693373-4500-443F-9559-095FDF1EFF03}.Release|Any CPU.Build.0 = Release|Any CPU
	EndGlobalSection
	GlobalSection(SolutionProperties) = preSolution
		HideSolutionNode = FALSE
	EndGlobalSection
	GlobalSection(ExtensibilityGlobals) = postSolution
		SolutionGuid = {673D59EC-B0E5-418F-9A7C-506FB5E3E8F8}
	EndGlobalSection
EndGlobal
